
Microsoft Visual Studio Solution File, Format Version 12.00
# Visual Studio Version 17
VisualStudioVersion = 17.11.35312.102
MinimumVisualStudioVersion = 10.0.40219.1
Project("{FAE04EC0-301F-11D3-BF4B-00C04F79EFBC}") = "Mod2", "Mod2\Mod2.csproj", "{B85E50B2-2520-44EF-9EFC-F2B40DB0E596}"
EndProject
Project("{FAE04EC0-301F-11D3-BF4B-00C04F79EFBC}") = "Mod2_1", "Mod2_1\Mod2_1.csproj", "{C6E3F73E-3F2B-421C-8DFA-F50F6B648598}"
EndProject
Project("{FAE04EC0-301F-11D3-BF4B-00C04F79EFBC}") = "Mod2_2", "Mod2_2\Mod2_2.csproj", "{77E683F3-A0F4-4030-9495-A5EEAE214663}"
EndProject
Project("{FAE04EC0-301F-11D3-BF4B-00C04F79EFBC}") = "Mod2_3", "Mod2_3\Mod2_3.csproj", "{1E89F2F8-F093-4268-9EB4-A749D2ABB8A8}"
EndProject
Project("{FAE04EC0-301F-11D3-BF4B-00C04F79EFBC}") = "Mod2_4", "Mod2_4\Mod2_4.csproj", "{D26F09A8-4961-45DC-BC01-40A5D881EBC3}"
EndProject
Project("{FAE04EC0-301F-11D3-BF4B-00C04F79EFBC}") = "Mod2_5", "Mod2_5\Mod2_5.csproj", "{F92C4465-29FA-44DF-BDBA-E47F99BFA5FB}"
EndProject
Project("{FAE04EC0-301F-11D3-BF4B-00C04F79EFBC}") = "Mod2_2_", "Mod2_2_\Mod2_2_.csproj", "{EC86FD85-3DE7-4798-AD27-9906CF7581C0}"
EndProject
Project("{FAE04EC0-301F-11D3-BF4B-00C04F79EFBC}") = "Mod2_3_", "Mod2_3_\Mod2_3_.csproj", "{55FC6D6D-1DFC-4D43-BB15-EC3057751414}"
EndProject
Global
	GlobalSection(SolutionConfigurationPlatforms) = preSolution
		Debug|Any CPU = Debug|Any CPU
		Release|Any CPU = Release|Any CPU
	EndGlobalSection
	GlobalSection(ProjectConfigurationPlatforms) = postSolution
		{B85E50B2-2520-44EF-9EFC-F2B40DB0E596}.Debug|Any CPU.ActiveCfg = Debug|Any CPU
		{B85E50B2-2520-44EF-9EFC-F2B40DB0E596}.Debug|Any CPU.Build.0 = Debug|Any CPU
		{B85E50B2-2520-44EF-9EFC-F2B40DB0E596}.Release|Any CPU.ActiveCfg = Release|Any CPU
		{B85E50B2-2520-44EF-9EFC-F2B40DB0E596}.Release|Any CPU.Build.0 = Release|Any CPU
		{C6E3F73E-3F2B-421C-8DFA-F50F6B648598}.Debug|Any CPU.ActiveCfg = Debug|Any CPU
		{C6E3F73E-3F2B-421C-8DFA-F50F6B648598}.Debug|Any CPU.Build.0 = Debug|Any CPU
		{C6E3F73E-3F2B-421C-8DFA-F50F6B648598}.Release|Any CPU.ActiveCfg = Release|Any CPU
		{C6E3F73E-3F2B-421C-8DFA-F50F6B648598}.Release|Any CPU.Build.0 = Release|Any CPU
		{77E683F3-A0F4-4030-9495-A5EEAE214663}.Debug|Any CPU.ActiveCfg = Debug|Any CPU
		{77E683F3-A0F4-4030-9495-A5EEAE214663}.Debug|Any CPU.Build.0 = Debug|Any CPU
		{77E683F3-A0F4-4030-9495-A5EEAE214663}.Release|Any CPU.ActiveCfg = Release|Any CPU
		{77E683F3-A0F4-4030-9495-A5EEAE214663}.Release|Any CPU.Build.0 = Release|Any CPU
		{1E89F2F8-F093-4268-9EB4-A749D2ABB8A8}.Debug|Any CPU.ActiveCfg = Debug|Any CPU
		{1E89F2F8-F093-4268-9EB4-A749D2ABB8A8}.Debug|Any CPU.Build.0 = Debug|Any CPU
		{1E89F2F8-F093-4268-9EB4-A749D2ABB8A8}.Release|Any CPU.ActiveCfg = Release|Any CPU
		{1E89F2F8-F093-4268-9EB4-A749D2ABB8A8}.Release|Any CPU.Build.0 = Release|Any CPU
		{D26F09A8-4961-45DC-BC01-40A5D881EBC3}.Debug|Any CPU.ActiveCfg = Debug|Any CPU
		{D26F09A8-4961-45DC-BC01-40A5D881EBC3}.Debug|Any CPU.Build.0 = Debug|Any CPU
		{D26F09A8-4961-45DC-BC01-40A5D881EBC3}.Release|Any CPU.ActiveCfg = Release|Any CPU
		{D26F09A8-4961-45DC-BC01-40A5D881EBC3}.Release|Any CPU.Build.0 = Release|Any CPU
		{F92C4465-29FA-44DF-BDBA-E47F99BFA5FB}.Debug|Any CPU.ActiveCfg = Debug|Any CPU
		{F92C4465-29FA-44DF-BDBA-E47F99BFA5FB}.Debug|Any CPU.Build.0 = Debug|Any CPU
		{F92C4465-29FA-44DF-BDBA-E47F99BFA5FB}.Release|Any CPU.ActiveCfg = Release|Any CPU
		{F92C4465-29FA-44DF-BDBA-E47F99BFA5FB}.Release|Any CPU.Build.0 = Release|Any CPU
		{EC86FD85-3DE7-4798-AD27-9906CF7581C0}.Debug|Any CPU.ActiveCfg = Debug|Any CPU
		{EC86FD85-3DE7-4798-AD27-9906CF7581C0}.Debug|Any CPU.Build.0 = Debug|Any CPU
		{EC86FD85-3DE7-4798-AD27-9906CF7581C0}.Release|Any CPU.ActiveCfg = Release|Any CPU
		{EC86FD85-3DE7-4798-AD27-9906CF7581C0}.Release|Any CPU.Build.0 = Release|Any CPU
		{55FC6D6D-1DFC-4D43-BB15-EC3057751414}.Debug|Any CPU.ActiveCfg = Debug|Any CPU
		{55FC6D6D-1DFC-4D43-BB15-EC3057751414}.Debug|Any CPU.Build.0 = Debug|Any CPU
		{55FC6D6D-1DFC-4D43-BB15-EC3057751414}.Release|Any CPU.ActiveCfg = Release|Any CPU
		{55FC6D6D-1DFC-4D43-BB15-EC3057751414}.Release|Any CPU.Build.0 = Release|Any CPU
	EndGlobalSection
	GlobalSection(SolutionProperties) = preSolution
		HideSolutionNode = FALSE
	EndGlobalSection
	GlobalSection(ExtensibilityGlobals) = postSolution
		SolutionGuid = {F673058F-50D2-4765-B793-A0C1A04132F1}
	EndGlobalSection
EndGlobal
